{
    "_readme": [
        "This file locks the dependencies of your project to a known state",
        "Read more about it at https://getcomposer.org/doc/01-basic-usage.md#composer-lock-the-lock-file",
        "This file is @generated automatically"
    ],
    "content-hash": "7178f0f0d1c95ceede4eac3f4c13a8e8",
    "packages": [
        {
            "name": "gephart/annotation",
            "version": "0.2.4",
            "source": {
                "type": "git",
                "url": "https://github.com/gephart/annotation.git",
                "reference": "263ccc56950815ddeead70ae5faea6f29729d362"
            },
            "dist": {
                "type": "zip",
                "url": "https://api.github.com/repos/gephart/annotation/zipball/263ccc56950815ddeead70ae5faea6f29729d362",
                "reference": "263ccc56950815ddeead70ae5faea6f29729d362",
                "shasum": ""
            },
            "require": {
                "php": ">=7.0"
            },
            "type": "library",
            "autoload": {
                "psr-4": {
                    "Gephart\\Annotation\\": "src/"
                },
                "exclude-from-classmap": [
                    "/Tests/"
                ]
            },
            "notification-url": "https://packagist.org/downloads/",
            "license": [
                "MIT"
            ],
            "authors": [
                {
                    "name": "Michal Katuščák",
                    "email": "michal@katuscak.cz"
                }
            ],
            "description": "Gephart Annotation Component",
            "homepage": "https://github.com/gephart/annotation",
            "time": "2017-03-27T19:52:16+00:00"
        },
        {
            "name": "gephart/configuration",
            "version": "0.2",
            "source": {
                "type": "git",
                "url": "https://github.com/gephart/configuration.git",
                "reference": "13661ce6daefdd722fb2adc8721e690487f1d2c8"
            },
            "dist": {
                "type": "zip",
                "url": "https://api.github.com/repos/gephart/configuration/zipball/13661ce6daefdd722fb2adc8721e690487f1d2c8",
                "reference": "13661ce6daefdd722fb2adc8721e690487f1d2c8",
                "shasum": ""
            },
            "require": {
                "php": ">=7.0"
            },
            "type": "library",
            "autoload": {
                "psr-4": {
                    "Gephart\\Configuration\\": "src/"
                },
                "exclude-from-classmap": [
                    "/Tests/"
                ]
            },
            "notification-url": "https://packagist.org/downloads/",
            "license": [
                "MIT"
            ],
            "authors": [
                {
                    "name": "Michal Katuščák",
                    "email": "michal@katuscak.cz"
                }
            ],
            "description": "Gephart Configuration Component",
            "homepage": "https://github.com/gephart/configuration",
            "time": "2017-03-09T18:53:42+00:00"
        },
        {
            "name": "gephart/dependency-injection",
            "version": "0.2.3",
            "source": {
                "type": "git",
                "url": "https://github.com/gephart/dependency-injection.git",
                "reference": "4c4b2afad0110705b2190e3b1bef3897f5e5b835"
            },
            "dist": {
                "type": "zip",
                "url": "https://api.github.com/repos/gephart/dependency-injection/zipball/4c4b2afad0110705b2190e3b1bef3897f5e5b835",
                "reference": "4c4b2afad0110705b2190e3b1bef3897f5e5b835",
                "shasum": ""
            },
            "require": {
                "php": ">=7.0",
                "psr/container": "1.0.0"
            },
            "type": "library",
            "autoload": {
                "psr-4": {
                    "Gephart\\DependencyInjection\\": "src/"
                },
                "exclude-from-classmap": [
                    "/Tests/"
                ]
            },
            "notification-url": "https://packagist.org/downloads/",
            "license": [
                "MIT"
            ],
            "authors": [
                {
                    "name": "Michal Katuščák",
                    "email": "michal@katuscak.cz"
                }
            ],
            "description": "Gephart DependencyInjection Component",
            "homepage": "https://github.com/gephart/dependency-injection",
            "time": "2017-03-29T18:17:54+00:00"
        },
        {
            "name": "gephart/event-manager",
            "version": "0.2.3",
            "source": {
                "type": "git",
                "url": "https://github.com/gephart/event-manager.git",
                "reference": "dbf831248337b76c601714b2818460686e394135"
            },
            "dist": {
                "type": "zip",
                "url": "https://api.github.com/repos/gephart/event-manager/zipball/dbf831248337b76c601714b2818460686e394135",
                "reference": "dbf831248337b76c601714b2818460686e394135",
                "shasum": ""
            },
            "require": {
                "php": ">=7.0"
            },
            "type": "library",
            "autoload": {
                "psr-4": {
                    "Gephart\\EventManager\\": "src/"
                },
                "exclude-from-classmap": [
                    "/Tests/"
                ]
            },
            "notification-url": "https://packagist.org/downloads/",
            "license": [
                "MIT"
            ],
            "authors": [
                {
                    "name": "Michal Katuščák",
                    "email": "michal@katuscak.cz"
                }
            ],
            "description": "Gephart Event Manager Component",
            "homepage": "https://github.com/gephart/event-manager",
            "time": "2017-03-26T16:11:51+00:00"
        },
        {
            "name": "psr/container",
            "version": "1.0.0",
            "source": {
                "type": "git",
                "url": "https://github.com/php-fig/container.git",
                "reference": "b7ce3b176482dbbc1245ebf52b181af44c2cf55f"
            },
            "dist": {
                "type": "zip",
                "url": "https://api.github.com/repos/php-fig/container/zipball/b7ce3b176482dbbc1245ebf52b181af44c2cf55f",
                "reference": "b7ce3b176482dbbc1245ebf52b181af44c2cf55f",
                "shasum": ""
            },
            "require": {
                "php": ">=5.3.0"
            },
            "type": "library",
            "extra": {
                "branch-alias": {
                    "dev-master": "1.0.x-dev"
                }
            },
            "autoload": {
                "psr-4": {
                    "Psr\\Container\\": "src/"
                }
            },
            "notification-url": "https://packagist.org/downloads/",
            "license": [
                "MIT"
            ],
            "authors": [
                {
                    "name": "PHP-FIG",
                    "homepage": "http://www.php-fig.org/"
                }
            ],
            "description": "Common Container Interface (PHP FIG PSR-11)",
            "homepage": "https://github.com/php-fig/container",
            "keywords": [
                "PSR-11",
                "container",
                "container-interface",
                "container-interop",
                "psr"
            ],
            "time": "2017-02-14T16:28:37+00:00"
        }
    ],
    "packages-dev": [],
    "aliases": [],
    "minimum-stability": "stable",
    "stability-flags": [],
    "prefer-stable": false,
    "prefer-lowest": false,
    "platform": {
        "php": ">=7.0"
    },
    "platform-dev": []
}
